
Microsoft Visual Studio Solution File, Format Version 11.00
# Visual C# Express 2010
Project("{FAE04EC0-301F-11D3-BF4B-00C04F79EFBC}") = "EasyTest", "EasyTest\EasyTest.csproj", "{8BE8BFB1-2D50-4362-824D-A094F2B9AD42}"
EndProject
Project("{FAE04EC0-301F-11D3-BF4B-00C04F79EFBC}") = "EasyTest.BL", "EasyTest.BL\EasyTest.BL.csproj", "{4C59F5C1-814E-4C09-8142-AFADB72D16D1}"
EndProject
Global
	GlobalSection(SolutionConfigurationPlatforms) = preSolution
		Debug|Any CPU = Debug|Any CPU
		Debug|Mixed Platforms = Debug|Mixed Platforms
		Debug|x86 = Debug|x86
		Release|Any CPU = Release|Any CPU
		Release|Mixed Platforms = Release|Mixed Platforms
		Release|x86 = Release|x86
	EndGlobalSection
	GlobalSection(ProjectConfigurationPlatforms) = postSolution
		{8BE8BFB1-2D50-4362-824D-A094F2B9AD42}.Debug|Any CPU.ActiveCfg = Debug|x86
		{8BE8BFB1-2D50-4362-824D-A094F2B9AD42}.Debug|Mixed Platforms.ActiveCfg = Debug|x86
		{8BE8BFB1-2D50-4362-824D-A094F2B9AD42}.Debug|Mixed Platforms.Build.0 = Debug|x86
		{8BE8BFB1-2D50-4362-824D-A094F2B9AD42}.Debug|x86.ActiveCfg = Debug|x86
		{8BE8BFB1-2D50-4362-824D-A094F2B9AD42}.Debug|x86.Build.0 = Debug|x86
		{8BE8BFB1-2D50-4362-824D-A094F2B9AD42}.Release|Any CPU.ActiveCfg = Release|x86
		{8BE8BFB1-2D50-4362-824D-A094F2B9AD42}.Release|Mixed Platforms.ActiveCfg = Release|x86
		{8BE8BFB1-2D50-4362-824D-A094F2B9AD42}.Release|Mixed Platforms.Build.0 = Release|x86
		{8BE8BFB1-2D50-4362-824D-A094F2B9AD42}.Release|x86.ActiveCfg = Release|x86
		{8BE8BFB1-2D50-4362-824D-A094F2B9AD42}.Release|x86.Build.0 = Release|x86
		{4C59F5C1-814E-4C09-8142-AFADB72D16D1}.Debug|Any CPU.ActiveCfg = Debug|Any CPU
		{4C59F5C1-814E-4C09-8142-AFADB72D16D1}.Debug|Any CPU.Build.0 = Debug|Any CPU
		{4C59F5C1-814E-4C09-8142-AFADB72D16D1}.Debug|Mixed Platforms.ActiveCfg = Debug|Any CPU
		{4C59F5C1-814E-4C09-8142-AFADB72D16D1}.Debug|Mixed Platforms.Build.0 = Debug|Any CPU
		{4C59F5C1-814E-4C09-8142-AFADB72D16D1}.Debug|x86.ActiveCfg = Debug|Any CPU
		{4C59F5C1-814E-4C09-8142-AFADB72D16D1}.Release|Any CPU.ActiveCfg = Release|Any CPU
		{4C59F5C1-814E-4C09-8142-AFADB72D16D1}.Release|Any CPU.Build.0 = Release|Any CPU
		{4C59F5C1-814E-4C09-8142-AFADB72D16D1}.Release|Mixed Platforms.ActiveCfg = Release|Any CPU
		{4C59F5C1-814E-4C09-8142-AFADB72D16D1}.Release|Mixed Platforms.Build.0 = Release|Any CPU
		{4C59F5C1-814E-4C09-8142-AFADB72D16D1}.Release|x86.ActiveCfg = Release|Any CPU
	EndGlobalSection
	GlobalSection(SolutionProperties) = preSolution
		HideSolutionNode = FALSE
	EndGlobalSection
EndGlobal
